
Microsoft Visual Studio Solution File, Format Version 12.00
# Visual Studio Version 17
VisualStudioVersion = 17.13.35806.99
MinimumVisualStudioVersion = 10.0.40219.1
Project("{FAE04EC0-301F-11D3-BF4B-00C04F79EFBC}") = "DemaConsulting.TestResults", "src\DemaConsulting.TestResults\DemaConsulting.TestResults.csproj", "{F5C80D3A-0B93-459D-A0C0-336FAF674A72}"
EndProject
Project("{FAE04EC0-301F-11D3-BF4B-00C04F79EFBC}") = "DemaConsulting.TestResults.Tests", "test\DemaConsulting.TestResults.Tests\DemaConsulting.TestResults.Tests.csproj", "{F13ED53E-8104-41C0-BBF8-CB25A5EFE5EA}"
EndProject
Global
	GlobalSection(SolutionConfigurationPlatforms) = preSolution
		Debug|Any CPU = Debug|Any CPU
		Release|Any CPU = Release|Any CPU
	EndGlobalSection
	GlobalSection(ProjectConfigurationPlatforms) = postSolution
		{F5C80D3A-0B93-459D-A0C0-336FAF674A72}.Debug|Any CPU.ActiveCfg = Debug|Any CPU
		{F5C80D3A-0B93-459D-A0C0-336FAF674A72}.Debug|Any CPU.Build.0 = Debug|Any CPU
		{F5C80D3A-0B93-459D-A0C0-336FAF674A72}.Release|Any CPU.ActiveCfg = Release|Any CPU
		{F5C80D3A-0B93-459D-A0C0-336FAF674A72}.Release|Any CPU.Build.0 = Release|Any CPU
		{F13ED53E-8104-41C0-BBF8-CB25A5EFE5EA}.Debug|Any CPU.ActiveCfg = Debug|Any CPU
		{F13ED53E-8104-41C0-BBF8-CB25A5EFE5EA}.Debug|Any CPU.Build.0 = Debug|Any CPU
		{F13ED53E-8104-41C0-BBF8-CB25A5EFE5EA}.Release|Any CPU.ActiveCfg = Release|Any CPU
		{F13ED53E-8104-41C0-BBF8-CB25A5EFE5EA}.Release|Any CPU.Build.0 = Release|Any CPU
	EndGlobalSection
	GlobalSection(SolutionProperties) = preSolution
		HideSolutionNode = FALSE
	EndGlobalSection
	GlobalSection(ExtensibilityGlobals) = postSolution
		SolutionGuid = {5F25F2C9-E27F-4CCD-8D8D-2BA78ABD85EB}
	EndGlobalSection
EndGlobal
